// !$*UTF8*$!
{
	archiveVersion = 1;
	classes = {
	};
	objectVersion = 50;
	objects = {

/* Begin PBXBuildFile section */
		789035C222EC36F9002FD3D7 /* AppDelegate.swift in Sources */ = {isa = PBXBuildFile; fileRef = 789035C122EC36F9002FD3D7 /* AppDelegate.swift */; };
		789035C422EC36F9002FD3D7 /* SceneDelegate.swift in Sources */ = {isa = PBXBuildFile; fileRef = 789035C322EC36F9002FD3D7 /* SceneDelegate.swift */; };
		789035C622EC36F9002FD3D7 /* ContentView.swift in Sources */ = {isa = PBXBuildFile; fileRef = 789035C522EC36F9002FD3D7 /* ContentView.swift */; };
		789035C822EC36FB002FD3D7 /* Assets.xcassets in Resources */ = {isa = PBXBuildFile; fileRef = 789035C722EC36FB002FD3D7 /* Assets.xcassets */; };
		789035CB22EC36FB002FD3D7 /* Preview Assets.xcassets in Resources */ = {isa = PBXBuildFile; fileRef = 789035CA22EC36FB002FD3D7 /* Preview Assets.xcassets */; };
		789035CE22EC36FB002FD3D7 /* LaunchScreen.storyboard in Resources */ = {isa = PBXBuildFile; fileRef = 789035CC22EC36FB002FD3D7 /* LaunchScreen.storyboard */; };
/* End PBXBuildFile section */

/* Begin PBXFileReference section */
		789035BE22EC36F9002FD3D7 /* FloatingButtonDemo.app */ = {isa = PBXFileReference; explicitFileType = wrapper.application; includeInIndex = 0; path = FloatingButtonDemo.app; sourceTree = BUILT_PRODUCTS_DIR; };
		789035C122EC36F9002FD3D7 /* AppDelegate.swift */ = {isa = PBXFileReference; lastKnownFileType = sourcecode.swift; path = AppDelegate.swift; sourceTree = "<group>"; };
		789035C322EC36F9002FD3D7 /* SceneDelegate.swift */ = {isa = PBXFileReference; lastKnownFileType = sourcecode.swift; path = SceneDelegate.swift; sourceTree = "<group>"; };
		789035C522EC36F9002FD3D7 /* ContentView.swift */ = {isa = PBXFileReference; lastKnownFileType = sourcecode.swift; path = ContentView.swift; sourceTree = "<group>"; };
		789035C722EC36FB002FD3D7 /* Assets.xcassets */ = {isa = PBXFileReference; lastKnownFileType = folder.assetcatalog; path = Assets.xcassets; sourceTree = "<group>"; };
		789035CA22EC36FB002FD3D7 /* Preview Assets.xcassets */ = {isa = PBXFileReference; lastKnownFileType = folder.assetcatalog; path = "Preview Assets.xcassets"; sourceTree = "<group>"; };
		789035CD22EC36FB002FD3D7 /* Base */ = {isa = PBXFileReference; lastKnownFileType = file.storyboard; name = Base; path = Base.lproj/LaunchScreen.storyboard; sourceTree = "<group>"; };
		789035CF22EC36FB002FD3D7 /* Info.plist */ = {isa = PBXFileReference; lastKnownFileType = text.plist.xml; path = Info.plist; sourceTree = "<group>"; };
/* End PBXFileReference section */

/* Begin PBXFrameworksBuildPhase section */
		789035BB22EC36F9002FD3D7 /* Frameworks */ = {
			isa = PBXFrameworksBuildPhase;
			buildActionMask = 2147483647;
			files = (
			);
			runOnlyForDeploymentPostprocessing = 0;
		};
/* End PBXFrameworksBuildPhase section */

/* Begin PBXGroup section */
		789035B522EC36F9002FD3D7 = {
			isa = PBXGroup;
			children = (
				789035C022EC36F9002FD3D7 /* FloatingButtonDemo */,
				789035BF22EC36F9002FD3D7 /* Products */,
			);
			sourceTree = "<group>";
		};
		789035BF22EC36F9002FD3D7 /* Products */ = {
			isa = PBXGroup;
			children = (
				789035BE22EC36F9002FD3D7 /* FloatingButtonDemo.app */,
			);
			name = Products;
			sourceTree = "<group>";
		};
		789035C022EC36F9002FD3D7 /* FloatingButtonDemo */ = {
			isa = PBXGroup;
			children = (
				789035C122EC36F9002FD3D7 /* AppDelegate.swift */,
				789035C322EC36F9002FD3D7 /* SceneDelegate.swift */,
				789035C522EC36F9002FD3D7 /* ContentView.swift */,
				789035C722EC36FB002FD3D7 /* Assets.xcassets */,
				789035CC22EC36FB002FD3D7 /* LaunchScreen.storyboard */,
				789035CF22EC36FB002FD3D7 /* Info.plist */,
				789035C922EC36FB002FD3D7 /* Preview Content */,
			);
			path = FloatingButtonDemo;
			sourceTree = "<group>";
		};
		789035C922EC36FB002FD3D7 /* Preview Content */ = {
			isa = PBXGroup;
			children = (
				789035CA22EC36FB002FD3D7 /* Preview Assets.xcassets */,
			);
			path = "Preview Content";
			sourceTree = "<group>";
		};
/* End PBXGroup section */

/* Begin PBXNativeTarget section */
		789035BD22EC36F9002FD3D7 /* FloatingButtonDemo */ = {
			isa = PBXNativeTarget;
			buildConfigurationList = 789035D222EC36FB002FD3D7 /* Build configuration list for PBXNativeTarget "FloatingButtonDemo" */;
			buildPhases = (
				789035BA22EC36F9002FD3D7 /* Sources */,
				789035BB22EC36F9002FD3D7 /* Frameworks */,
				789035BC22EC36F9002FD3D7 /* Resources */,
			);
			buildRules = (
			);
			dependencies = (
			);
			name = FloatingButtonDemo;
			productName = FloatingButtonDemo;
			productReference = 789035BE22EC36F9002FD3D7 /* FloatingButtonDemo.app */;
			productType = "com.apple.product-type.application";
		};
/* End PBXNativeTarget section */

/* Begin PBXProject section */
		789035B622EC36F9002FD3D7 /* Project object */ = {
			isa = PBXProject;
			attributes = {
				LastSwiftUpdateCheck = 1100;
				LastUpgradeCheck = 1100;
				ORGANIZATIONNAME = com.nafisa;
				TargetAttributes = {
					789035BD22EC36F9002FD3D7 = {
						CreatedOnToolsVersion = 11.0;
					};
				};
			};
			buildConfigurationList = 789035B922EC36F9002FD3D7 /* Build configuration list for PBXProject "FloatingButtonDemo" */;
			compatibilityVersion = "Xcode 9.3";
			developmentRegion = en;
			hasScannedForEncodings = 0;
			knownRegions = (
				en,
				Base,
			);
			mainGroup = 789035B522EC36F9002FD3D7;
			productRefGroup = 789035BF22EC36F9002FD3D7 /* Products */;
			projectDirPath = "";
			projectRoot = "";
			targets = (
				789035BD22EC36F9002FD3D7 /* FloatingButtonDemo */,
			);
		};
/* End PBXProject section */

/* Begin PBXResourcesBuildPhase section */
		789035BC22EC36F9002FD3D7 /* Resources */ = {
			isa = PBXResourcesBuildPhase;
			buildActionMask = 2147483647;
			files = (
				789035CE22EC36FB002FD3D7 /* LaunchScreen.storyboard in Resources */,
				789035CB22EC36FB002FD3D7 /* Preview Assets.xcassets in Resources */,
				789035C822EC36FB002FD3D7 /* Assets.xcassets in Resources */,
			);
			runOnlyForDeploymentPostprocessing = 0;
		};
/* End PBXResourcesBuildPhase section */

/* Begin PBXSourcesBuildPhase section */
		789035BA22EC36F9002FD3D7 /* Sources */ = {
			isa = PBXSourcesBuildPhase;
			buildActionMask = 2147483647;
			files = (
				789035C222EC36F9002FD3D7 /* AppDelegate.swift in Sources */,
				789035C422EC36F9002FD3D7 /* SceneDelegate.swift in Sources */,
				789035C622EC36F9002FD3D7 /* ContentView.swift in Sources */,
			);
			runOnlyForDeploymentPostprocessing = 0;
		};
/* End PBXSourcesBuildPhase section */

/* Begin PBXVariantGroup section */
		789035CC22EC36FB002FD3D7 /* LaunchScreen.storyboard */ = {
			isa = PBXVariantGroup;
			children = (
				789035CD22EC36FB002FD3D7 /* Base */,
			);
			name = LaunchScreen.storyboard;
			sourceTree = "<group>";
		};
/* End PBXVariantGroup section */

/* Begin XCBuildConfiguration section */
		789035D022EC36FB002FD3D7 /* Debug */ = {
			isa = XCBuildConfiguration;
			buildSettings = {
				ALWAYS_SEARCH_USER_PATHS = NO;
				CLANG_ANALYZER_NONNULL = YES;
				CLANG_ANALYZER_NUMBER_OBJECT_CONVERSION = YES_AGGRESSIVE;
				CLANG_CXX_LANGUAGE_STANDARD = "gnu++14";
				CLANG_CXX_LIBRARY = "libc++";
				CLANG_ENABLE_MODULES = YES;
				CLANG_ENABLE_OBJC_ARC = YES;
				CLANG_ENABLE_OBJC_WEAK = YES;
				CLANG_WARN_BLOCK_CAPTURE_AUTORELEASING = YES;
				CLANG_WARN_BOOL_CONVERSION = YES;
				CLANG_WARN_COMMA = YES;
				CLANG_WARN_CONSTANT_CONVERSION = YES;
				CLANG_WARN_DEPRECATED_OBJC_IMPLEMENTATIONS = YES;
				CLANG_WARN_DIRECT_OBJC_ISA_USAGE = YES_ERROR;
				CLANG_WARN_DOCUMENTATION_COMMENTS = YES;
				CLANG_WARN_EMPTY_BODY = YES;
				CLANG_WARN_ENUM_CONVERSION = YES;
				CLANG_WARN_INFINITE_RECURSION = YES;
				CLANG_WARN_INT_CONVERSION = YES;
				CLANG_WARN_NON_LITERAL_NULL_CONVERSION = YES;
				CLANG_WARN_OBJC_IMPLICIT_RETAIN_SELF = YES;
				CLANG_WARN_OBJC_LITERAL_CONVERSION = YES;
				CLANG_WARN_OBJC_ROOT_CLASS = YES_ERROR;
				CLANG_WARN_RANGE_LOOP_ANALYSIS = YES;
				CLANG_WARN_STRICT_PROTOTYPES = YES;
				CLANG_WARN_SUSPICIOUS_MOVE = YES;
				CLANG_WARN_UNGUARDED_AVAILABILITY = YES_AGGRESSIVE;
				CLANG_WARN_UNREACHABLE_CODE = YES;
				CLANG_WARN__DUPLICATE_METHOD_MATCH = YES;
				COPY_PHASE_STRIP = NO;
				DEBUG_INFORMATION_FORMAT = dwarf;
				ENABLE_STRICT_OBJC_MSGSEND = YES;
				ENABLE_TESTABILITY = YES;
				GCC_C_LANGUAGE_STANDARD = gnu11;
				GCC_DYNAMIC_NO_PIC = NO;
				GCC_NO_COMMON_BLOCKS = YES;
				GCC_OPTIMIZATION_LEVEL = 0;
				GCC_PREPROCESSOR_DEFINITIONS = (
					"DEBUG=1",
					"$(inherited)",
				);
				GCC_WARN_64_TO_32_BIT_CONVERSION = YES;
				GCC_WARN_ABOUT_RETURN_TYPE = YES_ERROR;
				GCC_WARN_UNDECLARED_SELECTOR = YES;
				GCC_WARN_UNINITIALIZED_AUTOS = YES_AGGRESSIVE;
				GCC_WARN_UNUSED_FUNCTION = YES;
				GCC_WARN_UNUSED_VARIABLE = YES;
				IPHONEOS_DEPLOYMENT_TARGET = 13.0;
				MTL_ENABLE_DEBUG_INFO = INCLUDE_SOURCE;
				MTL_FAST_MATH = YES;
				ONLY_ACTIVE_ARCH = YES;
				SDKROOT = iphoneos;
				SWIFT_ACTIVE_COMPILATION_CONDITIONS = DEBUG;
				SWIFT_OPTIMIZATION_LEVEL = "-Onone";
			};
			name = Debug;
		};
		789035D122EC36FB002FD3D7 /* Release */ = {
			isa = XCBuildConfiguration;
			buildSettings = {
				ALWAYS_SEARCH_USER_PATHS = NO;
				CLANG_ANALYZER_NONNULL = YES;
				CLANG_ANALYZER_NUMBER_OBJECT_CONVERSION = YES_AGGRESSIVE;
				CLANG_CXX_LANGUAGE_STANDARD = "gnu++14";
				CLANG_CXX_LIBRARY = "libc++";
				CLANG_ENABLE_MODULES = YES;
				CLANG_ENABLE_OBJC_ARC = YES;
				CLANG_ENABLE_OBJC_WEAK = YES;
				CLANG_WARN_BLOCK_CAPTURE_AUTORELEASING = YES;
				CLANG_WARN_BOOL_CONVERSION = YES;
				CLANG_WARN_COMMA = YES;
				CLANG_WARN_CONSTANT_CONVERSION = YES;
				CLANG_WARN_DEPRECATED_OBJC_IMPLEMENTATIONS = YES;
				CLANG_WARN_DIRECT_OBJC_ISA_USAGE = YES_ERROR;
				CLANG_WARN_DOCUMENTATION_COMMENTS = YES;
				CLANG_WARN_EMPTY_BODY = YES;
				CLANG_WARN_ENUM_CONVERSION = YES;
				CLANG_WARN_INFINITE_RECURSION = YES;
				CLANG_WARN_INT_CONVERSION = YES;
				CLANG_WARN_NON_LITERAL_NULL_CONVERSION = YES;
				CLANG_WARN_OBJC_IMPLICIT_RETAIN_SELF = YES;
				CLANG_WARN_OBJC_LITERAL_CONVERSION = YES;
				CLANG_WARN_OBJC_ROOT_CLASS = YES_ERROR;
				CLANG_WARN_RANGE_LOOP_ANALYSIS = YES;
				CLANG_WARN_STRICT_PROTOTYPES = YES;
				CLANG_WARN_SUSPICIOUS_MOVE = YES;
				CLANG_WARN_UNGUARDED_AVAILABILITY = YES_AGGRESSIVE;
				CLANG_WARN_UNREACHABLE_CODE = YES;
				CLANG_WARN__DUPLICATE_METHOD_MATCH = YES;
				COPY_PHASE_STRIP = NO;
				DEBUG_INFORMATION_FORMAT = "dwarf-with-dsym";
				ENABLE_NS_ASSERTIONS = NO;
				ENABLE_STRICT_OBJC_MSGSEND = YES;
				GCC_C_LANGUAGE_STANDARD = gnu11;
				GCC_NO_COMMON_BLOCKS = YES;
				GCC_WARN_64_TO_32_BIT_CONVERSION = YES;
				GCC_WARN_ABOUT_RETURN_TYPE = YES_ERROR;
				GCC_WARN_UNDECLARED_SELECTOR = YES;
				GCC_WARN_UNINITIALIZED_AUTOS = YES_AGGRESSIVE;
				GCC_WARN_UNUSED_FUNCTION = YES;
				GCC_WARN_UNUSED_VARIABLE = YES;
				IPHONEOS_DEPLOYMENT_TARGET = 13.0;
				MTL_ENABLE_DEBUG_INFO = NO;
				MTL_FAST_MATH = YES;
				SDKROOT = iphoneos;
				SWIFT_COMPILATION_MODE = wholemodule;
				SWIFT_OPTIMIZATION_LEVEL = "-O";
				VALIDATE_PRODUCT = YES;
			};
			name = Release;
		};
		789035D322EC36FB002FD3D7 /* Debug */ = {
			isa = XCBuildConfiguration;
			buildSettings = {
				ASSETCATALOG_COMPILER_APPICON_NAME = AppIcon;
				CODE_SIGN_STYLE = Automatic;
				DEVELOPMENT_ASSET_PATHS = "FloatingButtonDemo/Preview\\ Content";
				DEVELOPMENT_TEAM = 42KMS8LBB5;
				ENABLE_PREVIEWS = YES;
				INFOPLIST_FILE = FloatingButtonDemo/Info.plist;
				LD_RUNPATH_SEARCH_PATHS = (
					"$(inherited)",
					"@executable_path/Frameworks",
				);
				PRODUCT_BUNDLE_IDENTIFIER = com.nafisa.FloatingButtonDemo;
				PRODUCT_NAME = "$(TARGET_NAME)";
				SWIFT_VERSION = 5.0;
				TARGETED_DEVICE_FAMILY = "1,2";
			};
			name = Debug;
		};
		789035D422EC36FB002FD3D7 /* Release */ = {
			isa = XCBuildConfiguration;
			buildSettings = {
				ASSETCATALOG_COMPILER_APPICON_NAME = AppIcon;
				CODE_SIGN_STYLE = Automatic;
				DEVELOPMENT_ASSET_PATHS = "FloatingButtonDemo/Preview\\ Content";
				DEVELOPMENT_TEAM = 42KMS8LBB5;
				ENABLE_PREVIEWS = YES;
				INFOPLIST_FILE = FloatingButtonDemo/Info.plist;
				LD_RUNPATH_SEARCH_PATHS = (
					"$(inherited)",
					"@executable_path/Frameworks",
				);
				PRODUCT_BUNDLE_IDENTIFIER = com.nafisa.FloatingButtonDemo;
				PRODUCT_NAME = "$(TARGET_NAME)";
				SWIFT_VERSION = 5.0;
				TARGETED_DEVICE_FAMILY = "1,2";
			};
			name = Release;
		};
/* End XCBuildConfiguration section */

/* Begin XCConfigurationList section */
		789035B922EC36F9002FD3D7 /* Build configuration list for PBXProject "FloatingButtonDemo" */ = {
			isa = XCConfigurationList;
			buildConfigurations = (
				789035D022EC36FB002FD3D7 /* Debug */,
				789035D122EC36FB002FD3D7 /* Release */,
			);
			defaultConfigurationIsVisible = 0;
			defaultConfigurationName = Release;
		};
		789035D222EC36FB002FD3D7 /* Build configuration list for PBXNativeTarget "FloatingButtonDemo" */ = {
			isa = XCConfigurationList;
			buildConfigurations = (
				789035D322EC36FB002FD3D7 /* Debug */,
				789035D422EC36FB002FD3D7 /* Release */,
			);
			defaultConfigurationIsVisible = 0;
			defaultConfigurationName = Release;
		};
/* End XCConfigurationList section */
	};
	rootObject = 789035B622EC36F9002FD3D7 /* Project object */;
}
